{
  "name": "alfred-kutt",
  "version": "1.0.0",
  "lockfileVersion": 1,
  "requires": true,
  "dependencies": {
    "centra": {
      "version": "2.4.0",
      "resolved": "https://registry.npmjs.org/centra/-/centra-2.4.0.tgz",
      "integrity": "sha512-AWmF3EHNe/noJHviynZOrdnUuQzT5AMgl9nJPXGvnzGXrI2ZvNDrEcdqskc4EtQwt2Q1IggXb0OXy7zZ1Xvvew=="
    },
    "phin": {
      "version": "3.4.0",
      "resolved": "https://registry.npmjs.org/phin/-/phin-3.4.0.tgz",
      "integrity": "sha512-wueoW9X6HbzBN4AqV3Etv9kkgYyaObwPTsIYsUEmgDWiLI6SzYozEsOZ5e3Hd/9H0mrIUbqUuvOTA6SCqErJrQ==",
      "requires": {
        "centra": "^2.2.1"
      }
    },
    "run-node": {
      "version": "1.0.0",
      "resolved": "https://registry.npmjs.org/run-node/-/run-node-1.0.0.tgz",
      "integrity": "sha512-kc120TBlQ3mih1LSzdAJXo4xn/GWS2ec0l3S+syHDXP9uRr0JAT8Qd3mdMuyjqCzeZktgP3try92cEgf9Nks8A=="
    }
  }
}
